
Microsoft Visual Studio Solution File, Format Version 12.00
# Visual Studio Version 17
VisualStudioVersion = 17.9.34728.123
MinimumVisualStudioVersion = 10.0.40219.1
Project("{FAE04EC0-301F-11D3-BF4B-00C04F79EFBC}") = "monitor-services-api", "monitor-services-api.csproj", "{F80F20B3-9C82-496E-90C4-198A893A466F}"
EndProject
Global
	GlobalSection(SolutionConfigurationPlatforms) = preSolution
		Debug|Any CPU = Debug|Any CPU
		Release|Any CPU = Release|Any CPU
	EndGlobalSection
	GlobalSection(ProjectConfigurationPlatforms) = postSolution
		{F80F20B3-9C82-496E-90C4-198A893A466F}.Debug|Any CPU.ActiveCfg = Debug|Any CPU
		{F80F20B3-9C82-496E-90C4-198A893A466F}.Debug|Any CPU.Build.0 = Debug|Any CPU
		{F80F20B3-9C82-496E-90C4-198A893A466F}.Release|Any CPU.ActiveCfg = Release|Any CPU
		{F80F20B3-9C82-496E-90C4-198A893A466F}.Release|Any CPU.Build.0 = Release|Any CPU
	EndGlobalSection
	GlobalSection(SolutionProperties) = preSolution
		HideSolutionNode = FALSE
	EndGlobalSection
	GlobalSection(ExtensibilityGlobals) = postSolution
		SolutionGuid = {B896D609-E755-4313-8355-F8A43A1291F5}
	EndGlobalSection
EndGlobal
